
Microsoft Visual Studio Solution File, Format Version 12.00
# Visual Studio Version 17
VisualStudioVersion = 17.10.35027.167
MinimumVisualStudioVersion = 10.0.40219.1
Project("{FAE04EC0-301F-11D3-BF4B-00C04F79EFBC}") = "DPM225477_LeHuuToan_VD_Abstract Factory", "DPM225477_LeHuuToan_VD_Abstract Factory\DPM225477_LeHuuToan_VD_Abstract Factory.csproj", "{EAF04C57-6EBE-4048-A949-2C97ED90A689}"
EndProject
Project("{FAE04EC0-301F-11D3-BF4B-00C04F79EFBC}") = "DPM225477_LeHuuToan_VD_Builder", "DPM225477_LeHuuToan_VD_Builder\DPM225477_LeHuuToan_VD_Builder.csproj", "{9BF61F32-A75C-40AE-A87F-6FC0C9F200EB}"
EndProject
Project("{FAE04EC0-301F-11D3-BF4B-00C04F79EFBC}") = "DPM225477_LeHuuToan_VD_Factory Method", "DPM225477_LeHuuToan_VD_Factory Method\DPM225477_LeHuuToan_VD_Factory Method.csproj", "{F2E1DB85-D538-4FCD-9602-EDE213D9E5DF}"
EndProject
Project("{FAE04EC0-301F-11D3-BF4B-00C04F79EFBC}") = "DPM225477_LeHuuToan_VD_Prototype", "DPM225477_LeHuuToan_VD_Prototype\DPM225477_LeHuuToan_VD_Prototype.csproj", "{D2E45FF6-1C14-49B8-905F-D69D83E6F3BC}"
EndProject
Project("{FAE04EC0-301F-11D3-BF4B-00C04F79EFBC}") = "DPM225477_LeHuuToan_VD_Singleton", "DPM225477_LeHuuToan_VD_Singleton\DPM225477_LeHuuToan_VD_Singleton.csproj", "{CB177181-3318-47D8-9DE4-3F7167FE0C2C}"
EndProject
Project("{FAE04EC0-301F-11D3-BF4B-00C04F79EFBC}") = "DPM225477_LeHuuToan_VD_PRoxy", "DPM225477_LeHuuToan_VD_PRoxy\DPM225477_LeHuuToan_VD_PRoxy.csproj", "{D668B9DE-B19B-43DA-B1F2-A5D63A8DFF94}"
EndProject
Global
	GlobalSection(SolutionConfigurationPlatforms) = preSolution
		Debug|Any CPU = Debug|Any CPU
		Release|Any CPU = Release|Any CPU
	EndGlobalSection
	GlobalSection(ProjectConfigurationPlatforms) = postSolution
		{EAF04C57-6EBE-4048-A949-2C97ED90A689}.Debug|Any CPU.ActiveCfg = Debug|Any CPU
		{EAF04C57-6EBE-4048-A949-2C97ED90A689}.Debug|Any CPU.Build.0 = Debug|Any CPU
		{EAF04C57-6EBE-4048-A949-2C97ED90A689}.Release|Any CPU.ActiveCfg = Release|Any CPU
		{EAF04C57-6EBE-4048-A949-2C97ED90A689}.Release|Any CPU.Build.0 = Release|Any CPU
		{9BF61F32-A75C-40AE-A87F-6FC0C9F200EB}.Debug|Any CPU.ActiveCfg = Debug|Any CPU
		{9BF61F32-A75C-40AE-A87F-6FC0C9F200EB}.Debug|Any CPU.Build.0 = Debug|Any CPU
		{9BF61F32-A75C-40AE-A87F-6FC0C9F200EB}.Release|Any CPU.ActiveCfg = Release|Any CPU
		{9BF61F32-A75C-40AE-A87F-6FC0C9F200EB}.Release|Any CPU.Build.0 = Release|Any CPU
		{F2E1DB85-D538-4FCD-9602-EDE213D9E5DF}.Debug|Any CPU.ActiveCfg = Debug|Any CPU
		{F2E1DB85-D538-4FCD-9602-EDE213D9E5DF}.Debug|Any CPU.Build.0 = Debug|Any CPU
		{F2E1DB85-D538-4FCD-9602-EDE213D9E5DF}.Release|Any CPU.ActiveCfg = Release|Any CPU
		{F2E1DB85-D538-4FCD-9602-EDE213D9E5DF}.Release|Any CPU.Build.0 = Release|Any CPU
		{D2E45FF6-1C14-49B8-905F-D69D83E6F3BC}.Debug|Any CPU.ActiveCfg = Debug|Any CPU
		{D2E45FF6-1C14-49B8-905F-D69D83E6F3BC}.Debug|Any CPU.Build.0 = Debug|Any CPU
		{D2E45FF6-1C14-49B8-905F-D69D83E6F3BC}.Release|Any CPU.ActiveCfg = Release|Any CPU
		{D2E45FF6-1C14-49B8-905F-D69D83E6F3BC}.Release|Any CPU.Build.0 = Release|Any CPU
		{CB177181-3318-47D8-9DE4-3F7167FE0C2C}.Debug|Any CPU.ActiveCfg = Debug|Any CPU
		{CB177181-3318-47D8-9DE4-3F7167FE0C2C}.Debug|Any CPU.Build.0 = Debug|Any CPU
		{CB177181-3318-47D8-9DE4-3F7167FE0C2C}.Release|Any CPU.ActiveCfg = Release|Any CPU
		{CB177181-3318-47D8-9DE4-3F7167FE0C2C}.Release|Any CPU.Build.0 = Release|Any CPU
		{D668B9DE-B19B-43DA-B1F2-A5D63A8DFF94}.Debug|Any CPU.ActiveCfg = Debug|Any CPU
		{D668B9DE-B19B-43DA-B1F2-A5D63A8DFF94}.Debug|Any CPU.Build.0 = Debug|Any CPU
		{D668B9DE-B19B-43DA-B1F2-A5D63A8DFF94}.Release|Any CPU.ActiveCfg = Release|Any CPU
		{D668B9DE-B19B-43DA-B1F2-A5D63A8DFF94}.Release|Any CPU.Build.0 = Release|Any CPU
	EndGlobalSection
	GlobalSection(SolutionProperties) = preSolution
		HideSolutionNode = FALSE
	EndGlobalSection
	GlobalSection(ExtensibilityGlobals) = postSolution
		SolutionGuid = {06CA7CD4-98E1-4355-AD71-8264D0BCA436}
	EndGlobalSection
EndGlobal
