
Microsoft Visual Studio Solution File, Format Version 12.00
# Visual Studio Version 17
VisualStudioVersion = 17.10.35027.167
MinimumVisualStudioVersion = 10.0.40219.1
Project("{FAE04EC0-301F-11D3-BF4B-00C04F79EFBC}") = "Pattern", "Pattern\Pattern.csproj", "{BFC4369D-7957-4C16-87B5-D0ED80CCC545}"
EndProject
Project("{FAE04EC0-301F-11D3-BF4B-00C04F79EFBC}") = "Real", "Real\Real.csproj", "{C09E62CE-B2D7-4915-8EAD-249BF0D985A4}"
EndProject
Global
	GlobalSection(SolutionConfigurationPlatforms) = preSolution
		Debug|Any CPU = Debug|Any CPU
		Release|Any CPU = Release|Any CPU
	EndGlobalSection
	GlobalSection(ProjectConfigurationPlatforms) = postSolution
		{BFC4369D-7957-4C16-87B5-D0ED80CCC545}.Debug|Any CPU.ActiveCfg = Debug|Any CPU
		{BFC4369D-7957-4C16-87B5-D0ED80CCC545}.Debug|Any CPU.Build.0 = Debug|Any CPU
		{BFC4369D-7957-4C16-87B5-D0ED80CCC545}.Release|Any CPU.ActiveCfg = Release|Any CPU
		{BFC4369D-7957-4C16-87B5-D0ED80CCC545}.Release|Any CPU.Build.0 = Release|Any CPU
		{C09E62CE-B2D7-4915-8EAD-249BF0D985A4}.Debug|Any CPU.ActiveCfg = Debug|Any CPU
		{C09E62CE-B2D7-4915-8EAD-249BF0D985A4}.Debug|Any CPU.Build.0 = Debug|Any CPU
		{C09E62CE-B2D7-4915-8EAD-249BF0D985A4}.Release|Any CPU.ActiveCfg = Release|Any CPU
		{C09E62CE-B2D7-4915-8EAD-249BF0D985A4}.Release|Any CPU.Build.0 = Release|Any CPU
	EndGlobalSection
	GlobalSection(SolutionProperties) = preSolution
		HideSolutionNode = FALSE
	EndGlobalSection
	GlobalSection(ExtensibilityGlobals) = postSolution
		SolutionGuid = {CF6BF3AD-85D8-4060-80D0-8D5985E627F3}
	EndGlobalSection
EndGlobal
